// !$*UTF8*$!
{
	archiveVersion = 1;
	classes = {
	};
	objectVersion = 56;
	objects = {

/* Begin PBXBuildFile section */
		2C7841D42A48A8990052A8BE /* AppDelegate.swift in Sources */ = {isa = PBXBuildFile; fileRef = 2C7841D32A48A8990052A8BE /* AppDelegate.swift */; };
		2C7841D62A48A8990052A8BE /* SceneDelegate.swift in Sources */ = {isa = PBXBuildFile; fileRef = 2C7841D52A48A8990052A8BE /* SceneDelegate.swift */; };
		2C7841D82A48A8990052A8BE /* ViewController.swift in Sources */ = {isa = PBXBuildFile; fileRef = 2C7841D72A48A8990052A8BE /* ViewController.swift */; };
		2C7841DB2A48A8990052A8BE /* Main.storyboard in Resources */ = {isa = PBXBuildFile; fileRef = 2C7841D92A48A8990052A8BE /* Main.storyboard */; };
		2C7841DD2A48A89D0052A8BE /* Assets.xcassets in Resources */ = {isa = PBXBuildFile; fileRef = 2C7841DC2A48A89D0052A8BE /* Assets.xcassets */; };
		2C7841E02A48A89D0052A8BE /* LaunchScreen.storyboard in Resources */ = {isa = PBXBuildFile; fileRef = 2C7841DE2A48A89D0052A8BE /* LaunchScreen.storyboard */; };
		2CAAA5312A48AB5E00BE15B7 /* VideoTableViewCell.swift in Sources */ = {isa = PBXBuildFile; fileRef = 2CAAA5302A48AB5E00BE15B7 /* VideoTableViewCell.swift */; };
		6283A58767102CC3AAD74625 /* Pods_TikTok_clone.framework in Frameworks */ = {isa = PBXBuildFile; fileRef = 5566041179EDA10E0E215782 /* Pods_TikTok_clone.framework */; };
/* End PBXBuildFile section */

/* Begin PBXFileReference section */
		2C7841D02A48A8990052A8BE /* TikTok-clone.app */ = {isa = PBXFileReference; explicitFileType = wrapper.application; includeInIndex = 0; path = "TikTok-clone.app"; sourceTree = BUILT_PRODUCTS_DIR; };
		2C7841D32A48A8990052A8BE /* AppDelegate.swift */ = {isa = PBXFileReference; lastKnownFileType = sourcecode.swift; path = AppDelegate.swift; sourceTree = "<group>"; };
		2C7841D52A48A8990052A8BE /* SceneDelegate.swift */ = {isa = PBXFileReference; lastKnownFileType = sourcecode.swift; path = SceneDelegate.swift; sourceTree = "<group>"; };
		2C7841D72A48A8990052A8BE /* ViewController.swift */ = {isa = PBXFileReference; lastKnownFileType = sourcecode.swift; path = ViewController.swift; sourceTree = "<group>"; };
		2C7841DA2A48A8990052A8BE /* Base */ = {isa = PBXFileReference; lastKnownFileType = file.storyboard; name = Base; path = Base.lproj/Main.storyboard; sourceTree = "<group>"; };
		2C7841DC2A48A89D0052A8BE /* Assets.xcassets */ = {isa = PBXFileReference; lastKnownFileType = folder.assetcatalog; path = Assets.xcassets; sourceTree = "<group>"; };
		2C7841DF2A48A89D0052A8BE /* Base */ = {isa = PBXFileReference; lastKnownFileType = file.storyboard; name = Base; path = Base.lproj/LaunchScreen.storyboard; sourceTree = "<group>"; };
		2C7841E12A48A89D0052A8BE /* Info.plist */ = {isa = PBXFileReference; lastKnownFileType = text.plist.xml; path = Info.plist; sourceTree = "<group>"; };
		2CAAA5302A48AB5E00BE15B7 /* VideoTableViewCell.swift */ = {isa = PBXFileReference; lastKnownFileType = sourcecode.swift; path = VideoTableViewCell.swift; sourceTree = "<group>"; };
		3B663513CB77926652745EB5 /* Pods-TikTok-clone.debug.xcconfig */ = {isa = PBXFileReference; includeInIndex = 1; lastKnownFileType = text.xcconfig; name = "Pods-TikTok-clone.debug.xcconfig"; path = "Target Support Files/Pods-TikTok-clone/Pods-TikTok-clone.debug.xcconfig"; sourceTree = "<group>"; };
		5566041179EDA10E0E215782 /* Pods_TikTok_clone.framework */ = {isa = PBXFileReference; explicitFileType = wrapper.framework; includeInIndex = 0; path = Pods_TikTok_clone.framework; sourceTree = BUILT_PRODUCTS_DIR; };
		D1F4BF48BBED061DCE8FCCC1 /* Pods-TikTok-clone.release.xcconfig */ = {isa = PBXFileReference; includeInIndex = 1; lastKnownFileType = text.xcconfig; name = "Pods-TikTok-clone.release.xcconfig"; path = "Target Support Files/Pods-TikTok-clone/Pods-TikTok-clone.release.xcconfig"; sourceTree = "<group>"; };
/* End PBXFileReference section */

/* Begin PBXFrameworksBuildPhase section */
		2C7841CD2A48A8990052A8BE /* Frameworks */ = {
			isa = PBXFrameworksBuildPhase;
			buildActionMask = 2147483647;
			files = (
				6283A58767102CC3AAD74625 /* Pods_TikTok_clone.framework in Frameworks */,
			);
			runOnlyForDeploymentPostprocessing = 0;
		};
/* End PBXFrameworksBuildPhase section */

/* Begin PBXGroup section */
		2C7841C72A48A8980052A8BE = {
			isa = PBXGroup;
			children = (
				2C7841D22A48A8990052A8BE /* TikTok-clone */,
				2C7841D12A48A8990052A8BE /* Products */,
				58F19A3DA0D5122520A0CD58 /* Pods */,
				957255F4EFF064B07602EBE2 /* Frameworks */,
			);
			sourceTree = "<group>";
		};
		2C7841D12A48A8990052A8BE /* Products */ = {
			isa = PBXGroup;
			children = (
				2C7841D02A48A8990052A8BE /* TikTok-clone.app */,
			);
			name = Products;
			sourceTree = "<group>";
		};
		2C7841D22A48A8990052A8BE /* TikTok-clone */ = {
			isa = PBXGroup;
			children = (
				2C7841D32A48A8990052A8BE /* AppDelegate.swift */,
				2C7841D52A48A8990052A8BE /* SceneDelegate.swift */,
				2C7841D72A48A8990052A8BE /* ViewController.swift */,
				2C7841D92A48A8990052A8BE /* Main.storyboard */,
				2C7841DC2A48A89D0052A8BE /* Assets.xcassets */,
				2C7841DE2A48A89D0052A8BE /* LaunchScreen.storyboard */,
				2C7841E12A48A89D0052A8BE /* Info.plist */,
				2CAAA5302A48AB5E00BE15B7 /* VideoTableViewCell.swift */,
			);
			path = "TikTok-clone";
			sourceTree = "<group>";
		};
		58F19A3DA0D5122520A0CD58 /* Pods */ = {
			isa = PBXGroup;
			children = (
				3B663513CB77926652745EB5 /* Pods-TikTok-clone.debug.xcconfig */,
				D1F4BF48BBED061DCE8FCCC1 /* Pods-TikTok-clone.release.xcconfig */,
			);
			path = Pods;
			sourceTree = "<group>";
		};
		957255F4EFF064B07602EBE2 /* Frameworks */ = {
			isa = PBXGroup;
			children = (
				5566041179EDA10E0E215782 /* Pods_TikTok_clone.framework */,
			);
			name = Frameworks;
			sourceTree = "<group>";
		};
/* End PBXGroup section */

/* Begin PBXNativeTarget section */
		2C7841CF2A48A8990052A8BE /* TikTok-clone */ = {
			isa = PBXNativeTarget;
			buildConfigurationList = 2C7841E42A48A89D0052A8BE /* Build configuration list for PBXNativeTarget "TikTok-clone" */;
			buildPhases = (
				E14F1149E70CF5EABE69A2F2 /* [CP] Check Pods Manifest.lock */,
				2C7841CC2A48A8990052A8BE /* Sources */,
				2C7841CD2A48A8990052A8BE /* Frameworks */,
				2C7841CE2A48A8990052A8BE /* Resources */,
				E4011A2690E13528C37A0E8B /* [CP] Embed Pods Frameworks */,
			);
			buildRules = (
			);
			dependencies = (
			);
			name = "TikTok-clone";
			productName = "TikTok-clone";
			productReference = 2C7841D02A48A8990052A8BE /* TikTok-clone.app */;
			productType = "com.apple.product-type.application";
		};
/* End PBXNativeTarget section */

/* Begin PBXProject section */
		2C7841C82A48A8980052A8BE /* Project object */ = {
			isa = PBXProject;
			attributes = {
				BuildIndependentTargetsInParallel = 1;
				LastSwiftUpdateCheck = 1420;
				LastUpgradeCheck = 1420;
				TargetAttributes = {
					2C7841CF2A48A8990052A8BE = {
						CreatedOnToolsVersion = 14.2;
					};
				};
			};
			buildConfigurationList = 2C7841CB2A48A8980052A8BE /* Build configuration list for PBXProject "TikTok-clone" */;
			compatibilityVersion = "Xcode 14.0";
			developmentRegion = en;
			hasScannedForEncodings = 0;
			knownRegions = (
				en,
				Base,
			);
			mainGroup = 2C7841C72A48A8980052A8BE;
			productRefGroup = 2C7841D12A48A8990052A8BE /* Products */;
			projectDirPath = "";
			projectRoot = "";
			targets = (
				2C7841CF2A48A8990052A8BE /* TikTok-clone */,
			);
		};
/* End PBXProject section */

/* Begin PBXResourcesBuildPhase section */
		2C7841CE2A48A8990052A8BE /* Resources */ = {
			isa = PBXResourcesBuildPhase;
			buildActionMask = 2147483647;
			files = (
				2C7841E02A48A89D0052A8BE /* LaunchScreen.storyboard in Resources */,
				2C7841DD2A48A89D0052A8BE /* Assets.xcassets in Resources */,
				2C7841DB2A48A8990052A8BE /* Main.storyboard in Resources */,
			);
			runOnlyForDeploymentPostprocessing = 0;
		};
/* End PBXResourcesBuildPhase section */

/* Begin PBXShellScriptBuildPhase section */
		E14F1149E70CF5EABE69A2F2 /* [CP] Check Pods Manifest.lock */ = {
			isa = PBXShellScriptBuildPhase;
			buildActionMask = 2147483647;
			files = (
			);
			inputFileListPaths = (
			);
			inputPaths = (
				"${PODS_PODFILE_DIR_PATH}/Podfile.lock",
				"${PODS_ROOT}/Manifest.lock",
			);
			name = "[CP] Check Pods Manifest.lock";
			outputFileListPaths = (
			);
			outputPaths = (
				"$(DERIVED_FILE_DIR)/Pods-TikTok-clone-checkManifestLockResult.txt",
			);
			runOnlyForDeploymentPostprocessing = 0;
			shellPath = /bin/sh;
			shellScript = "diff \"${PODS_PODFILE_DIR_PATH}/Podfile.lock\" \"${PODS_ROOT}/Manifest.lock\" > /dev/null\nif [ $? != 0 ] ; then\n    # print error to STDERR\n    echo \"error: The sandbox is not in sync with the Podfile.lock. Run 'pod install' or update your CocoaPods installation.\" >&2\n    exit 1\nfi\n# This output is used by Xcode 'outputs' to avoid re-running this script phase.\necho \"SUCCESS\" > \"${SCRIPT_OUTPUT_FILE_0}\"\n";
			showEnvVarsInLog = 0;
		};
		E4011A2690E13528C37A0E8B /* [CP] Embed Pods Frameworks */ = {
			isa = PBXShellScriptBuildPhase;
			buildActionMask = 2147483647;
			files = (
			);
			inputFileListPaths = (
				"${PODS_ROOT}/Target Support Files/Pods-TikTok-clone/Pods-TikTok-clone-frameworks-${CONFIGURATION}-input-files.xcfilelist",
			);
			name = "[CP] Embed Pods Frameworks";
			outputFileListPaths = (
				"${PODS_ROOT}/Target Support Files/Pods-TikTok-clone/Pods-TikTok-clone-frameworks-${CONFIGURATION}-output-files.xcfilelist",
			);
			runOnlyForDeploymentPostprocessing = 0;
			shellPath = /bin/sh;
			shellScript = "\"${PODS_ROOT}/Target Support Files/Pods-TikTok-clone/Pods-TikTok-clone-frameworks.sh\"\n";
			showEnvVarsInLog = 0;
		};
/* End PBXShellScriptBuildPhase section */

/* Begin PBXSourcesBuildPhase section */
		2C7841CC2A48A8990052A8BE /* Sources */ = {
			isa = PBXSourcesBuildPhase;
			buildActionMask = 2147483647;
			files = (
				2C7841D82A48A8990052A8BE /* ViewController.swift in Sources */,
				2CAAA5312A48AB5E00BE15B7 /* VideoTableViewCell.swift in Sources */,
				2C7841D42A48A8990052A8BE /* AppDelegate.swift in Sources */,
				2C7841D62A48A8990052A8BE /* SceneDelegate.swift in Sources */,
			);
			runOnlyForDeploymentPostprocessing = 0;
		};
/* End PBXSourcesBuildPhase section */

/* Begin PBXVariantGroup section */
		2C7841D92A48A8990052A8BE /* Main.storyboard */ = {
			isa = PBXVariantGroup;
			children = (
				2C7841DA2A48A8990052A8BE /* Base */,
			);
			name = Main.storyboard;
			sourceTree = "<group>";
		};
		2C7841DE2A48A89D0052A8BE /* LaunchScreen.storyboard */ = {
			isa = PBXVariantGroup;
			children = (
				2C7841DF2A48A89D0052A8BE /* Base */,
			);
			name = LaunchScreen.storyboard;
			sourceTree = "<group>";
		};
/* End PBXVariantGroup section */

/* Begin XCBuildConfiguration section */
		2C7841E22A48A89D0052A8BE /* Debug */ = {
			isa = XCBuildConfiguration;
			buildSettings = {
				ALWAYS_SEARCH_USER_PATHS = NO;
				CLANG_ANALYZER_NONNULL = YES;
				CLANG_ANALYZER_NUMBER_OBJECT_CONVERSION = YES_AGGRESSIVE;
				CLANG_CXX_LANGUAGE_STANDARD = "gnu++20";
				CLANG_ENABLE_MODULES = YES;
				CLANG_ENABLE_OBJC_ARC = YES;
				CLANG_ENABLE_OBJC_WEAK = YES;
				CLANG_WARN_BLOCK_CAPTURE_AUTORELEASING = YES;
				CLANG_WARN_BOOL_CONVERSION = YES;
				CLANG_WARN_COMMA = YES;
				CLANG_WARN_CONSTANT_CONVERSION = YES;
				CLANG_WARN_DEPRECATED_OBJC_IMPLEMENTATIONS = YES;
				CLANG_WARN_DIRECT_OBJC_ISA_USAGE = YES_ERROR;
				CLANG_WARN_DOCUMENTATION_COMMENTS = YES;
				CLANG_WARN_EMPTY_BODY = YES;
				CLANG_WARN_ENUM_CONVERSION = YES;
				CLANG_WARN_INFINITE_RECURSION = YES;
				CLANG_WARN_INT_CONVERSION = YES;
				CLANG_WARN_NON_LITERAL_NULL_CONVERSION = YES;
				CLANG_WARN_OBJC_IMPLICIT_RETAIN_SELF = YES;
				CLANG_WARN_OBJC_LITERAL_CONVERSION = YES;
				CLANG_WARN_OBJC_ROOT_CLASS = YES_ERROR;
				CLANG_WARN_QUOTED_INCLUDE_IN_FRAMEWORK_HEADER = YES;
				CLANG_WARN_RANGE_LOOP_ANALYSIS = YES;
				CLANG_WARN_STRICT_PROTOTYPES = YES;
				CLANG_WARN_SUSPICIOUS_MOVE = YES;
				CLANG_WARN_UNGUARDED_AVAILABILITY = YES_AGGRESSIVE;
				CLANG_WARN_UNREACHABLE_CODE = YES;
				CLANG_WARN__DUPLICATE_METHOD_MATCH = YES;
				COPY_PHASE_STRIP = NO;
				DEBUG_INFORMATION_FORMAT = dwarf;
				ENABLE_STRICT_OBJC_MSGSEND = YES;
				ENABLE_TESTABILITY = YES;
				GCC_C_LANGUAGE_STANDARD = gnu11;
				GCC_DYNAMIC_NO_PIC = NO;
				GCC_NO_COMMON_BLOCKS = YES;
				GCC_OPTIMIZATION_LEVEL = 0;
				GCC_PREPROCESSOR_DEFINITIONS = (
					"DEBUG=1",
					"$(inherited)",
				);
				GCC_WARN_64_TO_32_BIT_CONVERSION = YES;
				GCC_WARN_ABOUT_RETURN_TYPE = YES_ERROR;
				GCC_WARN_UNDECLARED_SELECTOR = YES;
				GCC_WARN_UNINITIALIZED_AUTOS = YES_AGGRESSIVE;
				GCC_WARN_UNUSED_FUNCTION = YES;
				GCC_WARN_UNUSED_VARIABLE = YES;
				IPHONEOS_DEPLOYMENT_TARGET = 16.2;
				MTL_ENABLE_DEBUG_INFO = INCLUDE_SOURCE;
				MTL_FAST_MATH = YES;
				ONLY_ACTIVE_ARCH = YES;
				SDKROOT = iphoneos;
				SWIFT_ACTIVE_COMPILATION_CONDITIONS = DEBUG;
				SWIFT_OPTIMIZATION_LEVEL = "-Onone";
			};
			name = Debug;
		};
		2C7841E32A48A89D0052A8BE /* Release */ = {
			isa = XCBuildConfiguration;
			buildSettings = {
				ALWAYS_SEARCH_USER_PATHS = NO;
				CLANG_ANALYZER_NONNULL = YES;
				CLANG_ANALYZER_NUMBER_OBJECT_CONVERSION = YES_AGGRESSIVE;
				CLANG_CXX_LANGUAGE_STANDARD = "gnu++20";
				CLANG_ENABLE_MODULES = YES;
				CLANG_ENABLE_OBJC_ARC = YES;
				CLANG_ENABLE_OBJC_WEAK = YES;
				CLANG_WARN_BLOCK_CAPTURE_AUTORELEASING = YES;
				CLANG_WARN_BOOL_CONVERSION = YES;
				CLANG_WARN_COMMA = YES;
				CLANG_WARN_CONSTANT_CONVERSION = YES;
				CLANG_WARN_DEPRECATED_OBJC_IMPLEMENTATIONS = YES;
				CLANG_WARN_DIRECT_OBJC_ISA_USAGE = YES_ERROR;
				CLANG_WARN_DOCUMENTATION_COMMENTS = YES;
				CLANG_WARN_EMPTY_BODY = YES;
				CLANG_WARN_ENUM_CONVERSION = YES;
				CLANG_WARN_INFINITE_RECURSION = YES;
				CLANG_WARN_INT_CONVERSION = YES;
				CLANG_WARN_NON_LITERAL_NULL_CONVERSION = YES;
				CLANG_WARN_OBJC_IMPLICIT_RETAIN_SELF = YES;
				CLANG_WARN_OBJC_LITERAL_CONVERSION = YES;
				CLANG_WARN_OBJC_ROOT_CLASS = YES_ERROR;
				CLANG_WARN_QUOTED_INCLUDE_IN_FRAMEWORK_HEADER = YES;
				CLANG_WARN_RANGE_LOOP_ANALYSIS = YES;
				CLANG_WARN_STRICT_PROTOTYPES = YES;
				CLANG_WARN_SUSPICIOUS_MOVE = YES;
				CLANG_WARN_UNGUARDED_AVAILABILITY = YES_AGGRESSIVE;
				CLANG_WARN_UNREACHABLE_CODE = YES;
				CLANG_WARN__DUPLICATE_METHOD_MATCH = YES;
				COPY_PHASE_STRIP = NO;
				DEBUG_INFORMATION_FORMAT = "dwarf-with-dsym";
				ENABLE_NS_ASSERTIONS = NO;
				ENABLE_STRICT_OBJC_MSGSEND = YES;
				GCC_C_LANGUAGE_STANDARD = gnu11;
				GCC_NO_COMMON_BLOCKS = YES;
				GCC_WARN_64_TO_32_BIT_CONVERSION = YES;
				GCC_WARN_ABOUT_RETURN_TYPE = YES_ERROR;
				GCC_WARN_UNDECLARED_SELECTOR = YES;
				GCC_WARN_UNINITIALIZED_AUTOS = YES_AGGRESSIVE;
				GCC_WARN_UNUSED_FUNCTION = YES;
				GCC_WARN_UNUSED_VARIABLE = YES;
				IPHONEOS_DEPLOYMENT_TARGET = 16.2;
				MTL_ENABLE_DEBUG_INFO = NO;
				MTL_FAST_MATH = YES;
				SDKROOT = iphoneos;
				SWIFT_COMPILATION_MODE = wholemodule;
				SWIFT_OPTIMIZATION_LEVEL = "-O";
				VALIDATE_PRODUCT = YES;
			};
			name = Release;
		};
		2C7841E52A48A89D0052A8BE /* Debug */ = {
			isa = XCBuildConfiguration;
			baseConfigurationReference = 3B663513CB77926652745EB5 /* Pods-TikTok-clone.debug.xcconfig */;
			buildSettings = {
				ASSETCATALOG_COMPILER_APPICON_NAME = AppIcon;
				ASSETCATALOG_COMPILER_GLOBAL_ACCENT_COLOR_NAME = AccentColor;
				CODE_SIGN_STYLE = Automatic;
				CURRENT_PROJECT_VERSION = 1;
				GENERATE_INFOPLIST_FILE = YES;
				INFOPLIST_FILE = "TikTok-clone/Info.plist";
				INFOPLIST_KEY_UIApplicationSupportsIndirectInputEvents = YES;
				INFOPLIST_KEY_UILaunchStoryboardName = LaunchScreen;
				INFOPLIST_KEY_UIMainStoryboardFile = Main;
				INFOPLIST_KEY_UISupportedInterfaceOrientations_iPad = "UIInterfaceOrientationPortrait UIInterfaceOrientationPortraitUpsideDown UIInterfaceOrientationLandscapeLeft UIInterfaceOrientationLandscapeRight";
				INFOPLIST_KEY_UISupportedInterfaceOrientations_iPhone = "UIInterfaceOrientationPortrait UIInterfaceOrientationLandscapeLeft UIInterfaceOrientationLandscapeRight";
				LD_RUNPATH_SEARCH_PATHS = (
					"$(inherited)",
					"@executable_path/Frameworks",
				);
				MARKETING_VERSION = 1.0;
				PRODUCT_BUNDLE_IDENTIFIER = "rolan.TikTok-clone";
				PRODUCT_NAME = "$(TARGET_NAME)";
				SWIFT_EMIT_LOC_STRINGS = YES;
				SWIFT_VERSION = 5.0;
				TARGETED_DEVICE_FAMILY = "1,2";
			};
			name = Debug;
		};
		2C7841E62A48A89D0052A8BE /* Release */ = {
			isa = XCBuildConfiguration;
			baseConfigurationReference = D1F4BF48BBED061DCE8FCCC1 /* Pods-TikTok-clone.release.xcconfig */;
			buildSettings = {
				ASSETCATALOG_COMPILER_APPICON_NAME = AppIcon;
				ASSETCATALOG_COMPILER_GLOBAL_ACCENT_COLOR_NAME = AccentColor;
				CODE_SIGN_STYLE = Automatic;
				CURRENT_PROJECT_VERSION = 1;
				GENERATE_INFOPLIST_FILE = YES;
				INFOPLIST_FILE = "TikTok-clone/Info.plist";
				INFOPLIST_KEY_UIApplicationSupportsIndirectInputEvents = YES;
				INFOPLIST_KEY_UILaunchStoryboardName = LaunchScreen;
				INFOPLIST_KEY_UIMainStoryboardFile = Main;
				INFOPLIST_KEY_UISupportedInterfaceOrientations_iPad = "UIInterfaceOrientationPortrait UIInterfaceOrientationPortraitUpsideDown UIInterfaceOrientationLandscapeLeft UIInterfaceOrientationLandscapeRight";
				INFOPLIST_KEY_UISupportedInterfaceOrientations_iPhone = "UIInterfaceOrientationPortrait UIInterfaceOrientationLandscapeLeft UIInterfaceOrientationLandscapeRight";
				LD_RUNPATH_SEARCH_PATHS = (
					"$(inherited)",
					"@executable_path/Frameworks",
				);
				MARKETING_VERSION = 1.0;
				PRODUCT_BUNDLE_IDENTIFIER = "rolan.TikTok-clone";
				PRODUCT_NAME = "$(TARGET_NAME)";
				SWIFT_EMIT_LOC_STRINGS = YES;
				SWIFT_VERSION = 5.0;
				TARGETED_DEVICE_FAMILY = "1,2";
			};
			name = Release;
		};
/* End XCBuildConfiguration section */

/* Begin XCConfigurationList section */
		2C7841CB2A48A8980052A8BE /* Build configuration list for PBXProject "TikTok-clone" */ = {
			isa = XCConfigurationList;
			buildConfigurations = (
				2C7841E22A48A89D0052A8BE /* Debug */,
				2C7841E32A48A89D0052A8BE /* Release */,
			);
			defaultConfigurationIsVisible = 0;
			defaultConfigurationName = Release;
		};
		2C7841E42A48A89D0052A8BE /* Build configuration list for PBXNativeTarget "TikTok-clone" */ = {
			isa = XCConfigurationList;
			buildConfigurations = (
				2C7841E52A48A89D0052A8BE /* Debug */,
				2C7841E62A48A89D0052A8BE /* Release */,
			);
			defaultConfigurationIsVisible = 0;
			defaultConfigurationName = Release;
		};
/* End XCConfigurationList section */
	};
	rootObject = 2C7841C82A48A8980052A8BE /* Project object */;
}
